
Microsoft Visual Studio Solution File, Format Version 12.00
# Visual Studio Version 17
VisualStudioVersion = 17.5.33424.131
MinimumVisualStudioVersion = 10.0.40219.1
Project("{9A19103F-16F7-4668-BE54-9A1E7A4F7556}") = "Pedidos.API", "Pedidos.API\Pedidos.API.csproj", "{672103D5-9E28-4AED-91B3-E2D7D7B574C7}"
EndProject
Project("{9A19103F-16F7-4668-BE54-9A1E7A4F7556}") = "Pedidos.API.Infra", "Pedidos.API.Infra\Pedidos.API.Infra.csproj", "{4D3D6918-1EAC-44B2-B9CA-416546FF6166}"
EndProject
Project("{9A19103F-16F7-4668-BE54-9A1E7A4F7556}") = "Pedidos.API.Domain", "Pedidos.API.Domain\Pedidos.API.Domain.csproj", "{9124B35A-A235-49D1-9BA6-7639FE71C9EE}"
EndProject
Project("{9A19103F-16F7-4668-BE54-9A1E7A4F7556}") = "Pedidos.API.Application", "Pedidos.API.Application\Pedidos.API.Application.csproj", "{F53DDA17-C8AD-4E56-94CE-946EAB2B390C}"
EndProject
Project("{9A19103F-16F7-4668-BE54-9A1E7A4F7556}") = "Pedidos.API.Tests", "Pedidos.API.Tests\Pedidos.API.Tests.csproj", "{6D9ED7DF-5CD6-48AC-BDB2-00408C00F9F4}"
EndProject
Project("{FAE04EC0-301F-11D3-BF4B-00C04F79EFBC}") = "Pedidos.WorkerService", "Pedidos.WorkerService\Pedidos.WorkerService.csproj", "{C3F7CF6A-10A2-45C9-88FC-8100218A4DEB}"
EndProject
Global
	GlobalSection(SolutionConfigurationPlatforms) = preSolution
		Debug|Any CPU = Debug|Any CPU
		Release|Any CPU = Release|Any CPU
	EndGlobalSection
	GlobalSection(ProjectConfigurationPlatforms) = postSolution
		{672103D5-9E28-4AED-91B3-E2D7D7B574C7}.Debug|Any CPU.ActiveCfg = Debug|Any CPU
		{672103D5-9E28-4AED-91B3-E2D7D7B574C7}.Debug|Any CPU.Build.0 = Debug|Any CPU
		{672103D5-9E28-4AED-91B3-E2D7D7B574C7}.Release|Any CPU.ActiveCfg = Release|Any CPU
		{672103D5-9E28-4AED-91B3-E2D7D7B574C7}.Release|Any CPU.Build.0 = Release|Any CPU
		{4D3D6918-1EAC-44B2-B9CA-416546FF6166}.Debug|Any CPU.ActiveCfg = Debug|Any CPU
		{4D3D6918-1EAC-44B2-B9CA-416546FF6166}.Debug|Any CPU.Build.0 = Debug|Any CPU
		{4D3D6918-1EAC-44B2-B9CA-416546FF6166}.Release|Any CPU.ActiveCfg = Release|Any CPU
		{4D3D6918-1EAC-44B2-B9CA-416546FF6166}.Release|Any CPU.Build.0 = Release|Any CPU
		{9124B35A-A235-49D1-9BA6-7639FE71C9EE}.Debug|Any CPU.ActiveCfg = Debug|Any CPU
		{9124B35A-A235-49D1-9BA6-7639FE71C9EE}.Debug|Any CPU.Build.0 = Debug|Any CPU
		{9124B35A-A235-49D1-9BA6-7639FE71C9EE}.Release|Any CPU.ActiveCfg = Release|Any CPU
		{9124B35A-A235-49D1-9BA6-7639FE71C9EE}.Release|Any CPU.Build.0 = Release|Any CPU
		{F53DDA17-C8AD-4E56-94CE-946EAB2B390C}.Debug|Any CPU.ActiveCfg = Debug|Any CPU
		{F53DDA17-C8AD-4E56-94CE-946EAB2B390C}.Debug|Any CPU.Build.0 = Debug|Any CPU
		{F53DDA17-C8AD-4E56-94CE-946EAB2B390C}.Release|Any CPU.ActiveCfg = Release|Any CPU
		{F53DDA17-C8AD-4E56-94CE-946EAB2B390C}.Release|Any CPU.Build.0 = Release|Any CPU
		{6D9ED7DF-5CD6-48AC-BDB2-00408C00F9F4}.Debug|Any CPU.ActiveCfg = Debug|Any CPU
		{6D9ED7DF-5CD6-48AC-BDB2-00408C00F9F4}.Debug|Any CPU.Build.0 = Debug|Any CPU
		{6D9ED7DF-5CD6-48AC-BDB2-00408C00F9F4}.Release|Any CPU.ActiveCfg = Release|Any CPU
		{6D9ED7DF-5CD6-48AC-BDB2-00408C00F9F4}.Release|Any CPU.Build.0 = Release|Any CPU
		{C3F7CF6A-10A2-45C9-88FC-8100218A4DEB}.Debug|Any CPU.ActiveCfg = Debug|Any CPU
		{C3F7CF6A-10A2-45C9-88FC-8100218A4DEB}.Debug|Any CPU.Build.0 = Debug|Any CPU
		{C3F7CF6A-10A2-45C9-88FC-8100218A4DEB}.Release|Any CPU.ActiveCfg = Release|Any CPU
		{C3F7CF6A-10A2-45C9-88FC-8100218A4DEB}.Release|Any CPU.Build.0 = Release|Any CPU
	EndGlobalSection
	GlobalSection(SolutionProperties) = preSolution
		HideSolutionNode = FALSE
	EndGlobalSection
	GlobalSection(ExtensibilityGlobals) = postSolution
		SolutionGuid = {D81FAED6-3229-4BD1-8187-31019CCBA289}
	EndGlobalSection
EndGlobal
